{
  "name": "fsw_green_horizon_technologies",
  "version": "0.1.0",
  "lockfileVersion": 2,
  "requires": true,
  "packages": {
    "": {
      "name": "fsw_green_horizon_technologies",
      "version": "0.1.0",
      "dependencies": {
        "next": "^13.0.0",
        "react": "^18.2.0",
        "react-dom": "^18.2.0",
        "lucide-react": "^0.263.1"
      }
    }
  }
}
